
Microsoft Visual Studio Solution File, Format Version 12.00
# Visual Studio Version 16
VisualStudioVersion = 16.0.29411.108
MinimumVisualStudioVersion = 10.0.40219.1
Project("{FAE04EC0-301F-11D3-BF4B-00C04F79EFBC}") = "xiaoji", "xiaoji\xiaoji.csproj", "{561B199B-93E7-48A9-B864-2897577AC6D8}"
EndProject
Global
	GlobalSection(SolutionConfigurationPlatforms) = preSolution
		Debug|Any CPU = Debug|Any CPU
		Release|Any CPU = Release|Any CPU
	EndGlobalSection
	GlobalSection(ProjectConfigurationPlatforms) = postSolution
		{561B199B-93E7-48A9-B864-2897577AC6D8}.Debug|Any CPU.ActiveCfg = Debug|Any CPU
		{561B199B-93E7-48A9-B864-2897577AC6D8}.Debug|Any CPU.Build.0 = Debug|Any CPU
		{561B199B-93E7-48A9-B864-2897577AC6D8}.Release|Any CPU.ActiveCfg = Release|Any CPU
		{561B199B-93E7-48A9-B864-2897577AC6D8}.Release|Any CPU.Build.0 = Release|Any CPU
	EndGlobalSection
	GlobalSection(SolutionProperties) = preSolution
		HideSolutionNode = FALSE
	EndGlobalSection
	GlobalSection(ExtensibilityGlobals) = postSolution
		SolutionGuid = {7EED5225-035C-4FC1-867A-A0796415E76E}
	EndGlobalSection
EndGlobal
